
Microsoft Visual Studio Solution File, Format Version 12.00
# Visual Studio Version 16
VisualStudioVersion = 16.0.29806.167
MinimumVisualStudioVersion = 10.0.40219.1
Project("{2150E333-8FDC-42A3-9474-1A3956D46DE8}") = "Domain", "Domain", "{BAEEB310-5696-4A9E-BE22-608E1C8E62DC}"
EndProject
Project("{2150E333-8FDC-42A3-9474-1A3956D46DE8}") = "Application", "Application", "{34D1F72F-C04D-441B-BFE0-BD9595EBC350}"
EndProject
Project("{2150E333-8FDC-42A3-9474-1A3956D46DE8}") = "Infrastructure", "Infrastructure", "{558ABDF3-5523-4E03-A4E6-77588CBC18BA}"
EndProject
Project("{2150E333-8FDC-42A3-9474-1A3956D46DE8}") = "Presentation", "Presentation", "{E0E73F6A-5DC8-4CE8-8AD1-A39149BB833E}"
EndProject
Project("{2150E333-8FDC-42A3-9474-1A3956D46DE8}") = "Tests", "Tests", "{C5872716-851C-4CD2-BD50-B6D43DA7FFA0}"
EndProject
Project("{9A19103F-16F7-4668-BE54-9A1E7A4F7556}") = "cd.Infrastructure.Iis.Data", "Infrastructure\Data\cd.Infrastructure.Iis.Data\cd.Infrastructure.Iis.Data.csproj", "{764EC30F-6B4C-43D7-B617-3555C5E2BA45}"
EndProject
Project("{9A19103F-16F7-4668-BE54-9A1E7A4F7556}") = "ImportIisLogs", "Presentation\ImportIisLogs\ImportIisLogs.csproj", "{B5253264-2BD2-434F-89A0-8D20792D86E4}"
EndProject
Project("{9A19103F-16F7-4668-BE54-9A1E7A4F7556}") = "cd.Infrastructure.Data", "Infrastructure\Data\cd.Infrastructure.Data\cd.Infrastructure.Data.csproj", "{3BEC3CB7-E46B-4D39-90D1-178056478527}"
EndProject
Project("{9A19103F-16F7-4668-BE54-9A1E7A4F7556}") = "cd.Infrastructure.Iis", "Infrastructure\cd.Infrastructure.Iis\cd.Infrastructure.Iis.csproj", "{D1E64FF4-533A-47D4-A108-EBD9E69A97FA}"
EndProject
Project("{9A19103F-16F7-4668-BE54-9A1E7A4F7556}") = "cd.Application.Iis", "Application\cd.Application.Iis\cd.Application.Iis.csproj", "{7EE706B2-AB4A-4928-ABF8-4724D83CE59B}"
EndProject
Project("{9A19103F-16F7-4668-BE54-9A1E7A4F7556}") = "cd.Domain.WebTraffic", "Domain\cd.Domain.WebTraffic\cd.Domain.WebTraffic.csproj", "{4874B738-9ED8-4891-9456-277D062816DF}"
EndProject
Project("{9A19103F-16F7-4668-BE54-9A1E7A4F7556}") = "cd.Domain.Infrastructure", "Domain\cd.Domain.Infrastructure\cd.Domain.Infrastructure.csproj", "{44E286F7-AB01-4737-BB9B-CD157D1F7A37}"
EndProject
Project("{FAE04EC0-301F-11D3-BF4B-00C04F79EFBC}") = "WebTraffice.Tests", "WebTraffice.Tests\WebTraffice.Tests.csproj", "{6765AB95-0A18-4418-B851-444C6466AAFA}"
EndProject
Global
	GlobalSection(SolutionConfigurationPlatforms) = preSolution
		Debug|Any CPU = Debug|Any CPU
		Release|Any CPU = Release|Any CPU
	EndGlobalSection
	GlobalSection(ProjectConfigurationPlatforms) = postSolution
		{764EC30F-6B4C-43D7-B617-3555C5E2BA45}.Debug|Any CPU.ActiveCfg = Debug|Any CPU
		{764EC30F-6B4C-43D7-B617-3555C5E2BA45}.Debug|Any CPU.Build.0 = Debug|Any CPU
		{764EC30F-6B4C-43D7-B617-3555C5E2BA45}.Release|Any CPU.ActiveCfg = Release|Any CPU
		{764EC30F-6B4C-43D7-B617-3555C5E2BA45}.Release|Any CPU.Build.0 = Release|Any CPU
		{B5253264-2BD2-434F-89A0-8D20792D86E4}.Debug|Any CPU.ActiveCfg = Debug|Any CPU
		{B5253264-2BD2-434F-89A0-8D20792D86E4}.Debug|Any CPU.Build.0 = Debug|Any CPU
		{B5253264-2BD2-434F-89A0-8D20792D86E4}.Release|Any CPU.ActiveCfg = Release|Any CPU
		{B5253264-2BD2-434F-89A0-8D20792D86E4}.Release|Any CPU.Build.0 = Release|Any CPU
		{3BEC3CB7-E46B-4D39-90D1-178056478527}.Debug|Any CPU.ActiveCfg = Debug|Any CPU
		{3BEC3CB7-E46B-4D39-90D1-178056478527}.Debug|Any CPU.Build.0 = Debug|Any CPU
		{3BEC3CB7-E46B-4D39-90D1-178056478527}.Release|Any CPU.ActiveCfg = Release|Any CPU
		{3BEC3CB7-E46B-4D39-90D1-178056478527}.Release|Any CPU.Build.0 = Release|Any CPU
		{D1E64FF4-533A-47D4-A108-EBD9E69A97FA}.Debug|Any CPU.ActiveCfg = Debug|Any CPU
		{D1E64FF4-533A-47D4-A108-EBD9E69A97FA}.Debug|Any CPU.Build.0 = Debug|Any CPU
		{D1E64FF4-533A-47D4-A108-EBD9E69A97FA}.Release|Any CPU.ActiveCfg = Release|Any CPU
		{D1E64FF4-533A-47D4-A108-EBD9E69A97FA}.Release|Any CPU.Build.0 = Release|Any CPU
		{7EE706B2-AB4A-4928-ABF8-4724D83CE59B}.Debug|Any CPU.ActiveCfg = Debug|Any CPU
		{7EE706B2-AB4A-4928-ABF8-4724D83CE59B}.Debug|Any CPU.Build.0 = Debug|Any CPU
		{7EE706B2-AB4A-4928-ABF8-4724D83CE59B}.Release|Any CPU.ActiveCfg = Release|Any CPU
		{7EE706B2-AB4A-4928-ABF8-4724D83CE59B}.Release|Any CPU.Build.0 = Release|Any CPU
		{4874B738-9ED8-4891-9456-277D062816DF}.Debug|Any CPU.ActiveCfg = Debug|Any CPU
		{4874B738-9ED8-4891-9456-277D062816DF}.Debug|Any CPU.Build.0 = Debug|Any CPU
		{4874B738-9ED8-4891-9456-277D062816DF}.Release|Any CPU.ActiveCfg = Release|Any CPU
		{4874B738-9ED8-4891-9456-277D062816DF}.Release|Any CPU.Build.0 = Release|Any CPU
		{44E286F7-AB01-4737-BB9B-CD157D1F7A37}.Debug|Any CPU.ActiveCfg = Debug|Any CPU
		{44E286F7-AB01-4737-BB9B-CD157D1F7A37}.Debug|Any CPU.Build.0 = Debug|Any CPU
		{44E286F7-AB01-4737-BB9B-CD157D1F7A37}.Release|Any CPU.ActiveCfg = Release|Any CPU
		{44E286F7-AB01-4737-BB9B-CD157D1F7A37}.Release|Any CPU.Build.0 = Release|Any CPU
		{6765AB95-0A18-4418-B851-444C6466AAFA}.Debug|Any CPU.ActiveCfg = Debug|Any CPU
		{6765AB95-0A18-4418-B851-444C6466AAFA}.Debug|Any CPU.Build.0 = Debug|Any CPU
		{6765AB95-0A18-4418-B851-444C6466AAFA}.Release|Any CPU.ActiveCfg = Release|Any CPU
		{6765AB95-0A18-4418-B851-444C6466AAFA}.Release|Any CPU.Build.0 = Release|Any CPU
	EndGlobalSection
	GlobalSection(SolutionProperties) = preSolution
		HideSolutionNode = FALSE
	EndGlobalSection
	GlobalSection(NestedProjects) = preSolution
		{764EC30F-6B4C-43D7-B617-3555C5E2BA45} = {558ABDF3-5523-4E03-A4E6-77588CBC18BA}
		{B5253264-2BD2-434F-89A0-8D20792D86E4} = {E0E73F6A-5DC8-4CE8-8AD1-A39149BB833E}
		{3BEC3CB7-E46B-4D39-90D1-178056478527} = {558ABDF3-5523-4E03-A4E6-77588CBC18BA}
		{D1E64FF4-533A-47D4-A108-EBD9E69A97FA} = {558ABDF3-5523-4E03-A4E6-77588CBC18BA}
		{7EE706B2-AB4A-4928-ABF8-4724D83CE59B} = {34D1F72F-C04D-441B-BFE0-BD9595EBC350}
		{4874B738-9ED8-4891-9456-277D062816DF} = {BAEEB310-5696-4A9E-BE22-608E1C8E62DC}
		{44E286F7-AB01-4737-BB9B-CD157D1F7A37} = {BAEEB310-5696-4A9E-BE22-608E1C8E62DC}
		{6765AB95-0A18-4418-B851-444C6466AAFA} = {C5872716-851C-4CD2-BD50-B6D43DA7FFA0}
	EndGlobalSection
	GlobalSection(ExtensibilityGlobals) = postSolution
		SolutionGuid = {8649E17C-EEE7-41BC-9DEE-7F822E0F25E8}
	EndGlobalSection
EndGlobal
